{
  "name": "calculator-test",
  "lockfileVersion": 2,
  "requires": true,
  "packages": {
    "": {
      "dependencies": {
        "haseeb-calculator": "^1.0.0",
        "underscore": "^1.13.6"
      }
    },
    "node_modules/haseeb-calculator": {
      "version": "1.1.0",
      "resolved": "https://registry.npmjs.org/haseeb-calculator/-/haseeb-calculator-1.1.0.tgz",
      "integrity": "sha512-akwsrwej4QbjTOIK3aY2NSJ8EtscY4FXXPmK/mwCcyro4jzujNoCLzwKp49PPEEeFmvefUv9na/rGyOKabbzxA=="
    },
    "node_modules/underscore": {
      "version": "1.13.6",
      "resolved": "https://registry.npmjs.org/underscore/-/underscore-1.13.6.tgz",
      "integrity": "sha512-+A5Sja4HP1M08MaXya7p5LvjuM7K6q/2EaC0+iovj/wOcMsTzMvDFbasi/oSapiwOlt252IqsKqPjCl7huKS0A=="
    }
  },
  "dependencies": {
    "haseeb-calculator": {
      "version": "1.1.0",
      "resolved": "https://registry.npmjs.org/haseeb-calculator/-/haseeb-calculator-1.1.0.tgz",
      "integrity": "sha512-akwsrwej4QbjTOIK3aY2NSJ8EtscY4FXXPmK/mwCcyro4jzujNoCLzwKp49PPEEeFmvefUv9na/rGyOKabbzxA=="
    },
    "underscore": {
      "version": "1.13.6",
      "resolved": "https://registry.npmjs.org/underscore/-/underscore-1.13.6.tgz",
      "integrity": "sha512-+A5Sja4HP1M08MaXya7p5LvjuM7K6q/2EaC0+iovj/wOcMsTzMvDFbasi/oSapiwOlt252IqsKqPjCl7huKS0A=="
    }
  }
}
